// !$*UTF8*$!
{
	archiveVersion = 1;
	classes = {
	};
	objectVersion = 56;
	objects = {

/* Begin PBXBuildFile section */
		BD65B78A2AA90ED50011A5EB /* CodeGenerator.cpp in Sources */ = {isa = PBXBuildFile; fileRef = BD65B7892AA90ED50011A5EB /* CodeGenerator.cpp */; };
		BD8983F22A9F9B9A0071EE72 /* SemanticChecker.cpp in Sources */ = {isa = PBXBuildFile; fileRef = BD8983F12A9F9B9A0071EE72 /* SemanticChecker.cpp */; };
		BDC085042A99717D002B871D /* main.cpp in Sources */ = {isa = PBXBuildFile; fileRef = BDC085032A99717D002B871D /* main.cpp */; };
		BDC0851B2A9971EF002B871D /* SymbolTable.cpp in Sources */ = {isa = PBXBuildFile; fileRef = BDC0850C2A9971EE002B871D /* SymbolTable.cpp */; };
		BDC0851C2A9971EF002B871D /* Parser.cpp in Sources */ = {isa = PBXBuildFile; fileRef = BDC0850F2A9971EE002B871D /* Parser.cpp */; };
		BDC0851D2A9971EF002B871D /* SymbolTableEntry.cpp in Sources */ = {isa = PBXBuildFile; fileRef = BDC085102A9971EE002B871D /* SymbolTableEntry.cpp */; };
		BDC0851E2A9971EF002B871D /* AST.cpp in Sources */ = {isa = PBXBuildFile; fileRef = BDC085112A9971EE002B871D /* AST.cpp */; };
		BDC0851F2A9971EF002B871D /* EntryList.cpp in Sources */ = {isa = PBXBuildFile; fileRef = BDC085132A9971EF002B871D /* EntryList.cpp */; };
		BDC085202A9971EF002B871D /* SymbolTableList.cpp in Sources */ = {isa = PBXBuildFile; fileRef = BDC085142A9971EF002B871D /* SymbolTableList.cpp */; };
		BDC085212A9971EF002B871D /* Scanner.cpp in Sources */ = {isa = PBXBuildFile; fileRef = BDC085172A9971EF002B871D /* Scanner.cpp */; };
		BDC085222A9971EF002B871D /* FileDescriptor.cpp in Sources */ = {isa = PBXBuildFile; fileRef = BDC0851A2A9971EF002B871D /* FileDescriptor.cpp */; };
/* End PBXBuildFile section */

/* Begin PBXCopyFilesBuildPhase section */
		BDC084FE2A99717D002B871D /* CopyFiles */ = {
			isa = PBXCopyFilesBuildPhase;
			buildActionMask = 2147483647;
			dstPath = /usr/share/man/man1/;
			dstSubfolderSpec = 0;
			files = (
			);
			runOnlyForDeploymentPostprocessing = 1;
		};
/* End PBXCopyFilesBuildPhase section */

/* Begin PBXFileReference section */
		BD65B7882AA90EC20011A5EB /* CodeGenerator.h */ = {isa = PBXFileReference; lastKnownFileType = sourcecode.c.h; path = CodeGenerator.h; sourceTree = "<group>"; };
		BD65B7892AA90ED50011A5EB /* CodeGenerator.cpp */ = {isa = PBXFileReference; lastKnownFileType = sourcecode.cpp.cpp; path = CodeGenerator.cpp; sourceTree = "<group>"; };
		BD8983F02A9F9B8A0071EE72 /* SemanticChecker.h */ = {isa = PBXFileReference; lastKnownFileType = sourcecode.c.h; path = SemanticChecker.h; sourceTree = "<group>"; };
		BD8983F12A9F9B9A0071EE72 /* SemanticChecker.cpp */ = {isa = PBXFileReference; lastKnownFileType = sourcecode.cpp.cpp; path = SemanticChecker.cpp; sourceTree = "<group>"; };
		BDC085002A99717D002B871D /* Compiler */ = {isa = PBXFileReference; explicitFileType = "compiled.mach-o.executable"; includeInIndex = 0; path = Compiler; sourceTree = BUILT_PRODUCTS_DIR; };
		BDC085032A99717D002B871D /* main.cpp */ = {isa = PBXFileReference; lastKnownFileType = sourcecode.cpp.cpp; path = main.cpp; sourceTree = "<group>"; tabWidth = 4; };
		BDC0850A2A9971EE002B871D /* FileDescriptor.h */ = {isa = PBXFileReference; fileEncoding = 4; lastKnownFileType = sourcecode.c.h; path = FileDescriptor.h; sourceTree = "<group>"; };
		BDC0850B2A9971EE002B871D /* Parser.h */ = {isa = PBXFileReference; fileEncoding = 4; lastKnownFileType = sourcecode.c.h; path = Parser.h; sourceTree = "<group>"; };
		BDC0850C2A9971EE002B871D /* SymbolTable.cpp */ = {isa = PBXFileReference; fileEncoding = 4; lastKnownFileType = sourcecode.cpp.cpp; path = SymbolTable.cpp; sourceTree = "<group>"; };
		BDC0850D2A9971EE002B871D /* AST.h */ = {isa = PBXFileReference; explicitFileType = sourcecode.c.h; fileEncoding = 4; path = AST.h; sourceTree = "<group>"; };
		BDC0850E2A9971EE002B871D /* EntryList.h */ = {isa = PBXFileReference; fileEncoding = 4; lastKnownFileType = sourcecode.c.h; path = EntryList.h; sourceTree = "<group>"; };
		BDC0850F2A9971EE002B871D /* Parser.cpp */ = {isa = PBXFileReference; fileEncoding = 4; lastKnownFileType = sourcecode.cpp.cpp; path = Parser.cpp; sourceTree = "<group>"; };
		BDC085102A9971EE002B871D /* SymbolTableEntry.cpp */ = {isa = PBXFileReference; fileEncoding = 4; lastKnownFileType = sourcecode.cpp.cpp; path = SymbolTableEntry.cpp; sourceTree = "<group>"; };
		BDC085112A9971EE002B871D /* AST.cpp */ = {isa = PBXFileReference; fileEncoding = 4; lastKnownFileType = sourcecode.cpp.cpp; path = AST.cpp; sourceTree = "<group>"; };
		BDC085122A9971EF002B871D /* Scanner.h */ = {isa = PBXFileReference; fileEncoding = 4; lastKnownFileType = sourcecode.c.h; path = Scanner.h; sourceTree = "<group>"; };
		BDC085132A9971EF002B871D /* EntryList.cpp */ = {isa = PBXFileReference; fileEncoding = 4; lastKnownFileType = sourcecode.cpp.cpp; path = EntryList.cpp; sourceTree = "<group>"; };
		BDC085142A9971EF002B871D /* SymbolTableList.cpp */ = {isa = PBXFileReference; fileEncoding = 4; lastKnownFileType = sourcecode.cpp.cpp; path = SymbolTableList.cpp; sourceTree = "<group>"; };
		BDC085152A9971EF002B871D /* SymbolTableList.h */ = {isa = PBXFileReference; fileEncoding = 4; lastKnownFileType = sourcecode.c.h; path = SymbolTableList.h; sourceTree = "<group>"; };
		BDC085162A9971EF002B871D /* program.COMP23 */ = {isa = PBXFileReference; fileEncoding = 4; lastKnownFileType = text; path = program.COMP23; sourceTree = "<group>"; };
		BDC085172A9971EF002B871D /* Scanner.cpp */ = {isa = PBXFileReference; fileEncoding = 4; lastKnownFileType = sourcecode.cpp.cpp; path = Scanner.cpp; sourceTree = "<group>"; };
		BDC085182A9971EF002B871D /* SymbolTable.h */ = {isa = PBXFileReference; fileEncoding = 4; lastKnownFileType = sourcecode.c.h; path = SymbolTable.h; sourceTree = "<group>"; };
		BDC085192A9971EF002B871D /* SymbolTableEntry.h */ = {isa = PBXFileReference; fileEncoding = 4; lastKnownFileType = sourcecode.c.h; path = SymbolTableEntry.h; sourceTree = "<group>"; };
		BDC0851A2A9971EF002B871D /* FileDescriptor.cpp */ = {isa = PBXFileReference; fileEncoding = 4; lastKnownFileType = sourcecode.cpp.cpp; path = FileDescriptor.cpp; sourceTree = "<group>"; };
/* End PBXFileReference section */

/* Begin PBXFrameworksBuildPhase section */
		BDC084FD2A99717D002B871D /* Frameworks */ = {
			isa = PBXFrameworksBuildPhase;
			buildActionMask = 2147483647;
			files = (
			);
			runOnlyForDeploymentPostprocessing = 0;
		};
/* End PBXFrameworksBuildPhase section */

/* Begin PBXGroup section */
		BD65B7872AA90E7F0011A5EB /* CodeGenerator */ = {
			isa = PBXGroup;
			children = (
				BD65B7882AA90EC20011A5EB /* CodeGenerator.h */,
				BD65B7892AA90ED50011A5EB /* CodeGenerator.cpp */,
			);
			path = CodeGenerator;
			sourceTree = "<group>";
		};
		BD8983ED2A9F99EB0071EE72 /* SemanticChecker */ = {
			isa = PBXGroup;
			children = (
				BD8983F02A9F9B8A0071EE72 /* SemanticChecker.h */,
				BD8983F12A9F9B9A0071EE72 /* SemanticChecker.cpp */,
			);
			path = SemanticChecker;
			sourceTree = "<group>";
		};
		BD8983EF2A9F9AAD0071EE72 /* Parser */ = {
			isa = PBXGroup;
			children = (
				BDC0850D2A9971EE002B871D /* AST.h */,
				BDC085112A9971EE002B871D /* AST.cpp */,
				BDC0850B2A9971EE002B871D /* Parser.h */,
				BDC0850F2A9971EE002B871D /* Parser.cpp */,
			);
			path = Parser;
			sourceTree = "<group>";
		};
		BD93DCAA2A9CD41C00325BB6 /* FileDescriptor */ = {
			isa = PBXGroup;
			children = (
				BDC0850A2A9971EE002B871D /* FileDescriptor.h */,
				BDC0851A2A9971EF002B871D /* FileDescriptor.cpp */,
			);
			path = FileDescriptor;
			sourceTree = "<group>";
		};
		BD93DCAB2A9CD45600325BB6 /* Scanner */ = {
			isa = PBXGroup;
			children = (
				BDC085122A9971EF002B871D /* Scanner.h */,
				BDC085172A9971EF002B871D /* Scanner.cpp */,
			);
			path = Scanner;
			sourceTree = "<group>";
		};
		BD93DCAC2A9CD48500325BB6 /* SymbolTable */ = {
			isa = PBXGroup;
			children = (
				BDC085192A9971EF002B871D /* SymbolTableEntry.h */,
				BDC085102A9971EE002B871D /* SymbolTableEntry.cpp */,
				BDC0850E2A9971EE002B871D /* EntryList.h */,
				BDC085132A9971EF002B871D /* EntryList.cpp */,
				BDC085182A9971EF002B871D /* SymbolTable.h */,
				BDC0850C2A9971EE002B871D /* SymbolTable.cpp */,
				BDC085152A9971EF002B871D /* SymbolTableList.h */,
				BDC085142A9971EF002B871D /* SymbolTableList.cpp */,
			);
			path = SymbolTable;
			sourceTree = "<group>";
		};
		BDC084F72A99717D002B871D = {
			isa = PBXGroup;
			children = (
				BDC085022A99717D002B871D /* Compiler */,
				BDC085012A99717D002B871D /* Products */,
			);
			sourceTree = "<group>";
		};
		BDC085012A99717D002B871D /* Products */ = {
			isa = PBXGroup;
			children = (
				BDC085002A99717D002B871D /* Compiler */,
			);
			name = Products;
			sourceTree = "<group>";
		};
		BDC085022A99717D002B871D /* Compiler */ = {
			isa = PBXGroup;
			children = (
				BD93DCAA2A9CD41C00325BB6 /* FileDescriptor */,
				BD93DCAB2A9CD45600325BB6 /* Scanner */,
				BD93DCAC2A9CD48500325BB6 /* SymbolTable */,
				BD8983EF2A9F9AAD0071EE72 /* Parser */,
				BD8983ED2A9F99EB0071EE72 /* SemanticChecker */,
				BD65B7872AA90E7F0011A5EB /* CodeGenerator */,
				BDC085162A9971EF002B871D /* program.COMP23 */,
				BDC085032A99717D002B871D /* main.cpp */,
			);
			path = Compiler;
			sourceTree = "<group>";
		};
/* End PBXGroup section */

/* Begin PBXNativeTarget section */
		BDC084FF2A99717D002B871D /* Compiler */ = {
			isa = PBXNativeTarget;
			buildConfigurationList = BDC085072A99717D002B871D /* Build configuration list for PBXNativeTarget "Compiler" */;
			buildPhases = (
				BDC084FC2A99717D002B871D /* Sources */,
				BDC084FD2A99717D002B871D /* Frameworks */,
				BDC084FE2A99717D002B871D /* CopyFiles */,
			);
			buildRules = (
			);
			dependencies = (
			);
			name = Compiler;
			productName = Compiler;
			productReference = BDC085002A99717D002B871D /* Compiler */;
			productType = "com.apple.product-type.tool";
		};
/* End PBXNativeTarget section */

/* Begin PBXProject section */
		BDC084F82A99717D002B871D /* Project object */ = {
			isa = PBXProject;
			attributes = {
				BuildIndependentTargetsInParallel = 1;
				LastUpgradeCheck = 1420;
				TargetAttributes = {
					BDC084FF2A99717D002B871D = {
						CreatedOnToolsVersion = 14.2;
					};
				};
			};
			buildConfigurationList = BDC084FB2A99717D002B871D /* Build configuration list for PBXProject "Compiler" */;
			compatibilityVersion = "Xcode 14.0";
			developmentRegion = en;
			hasScannedForEncodings = 0;
			knownRegions = (
				en,
				Base,
			);
			mainGroup = BDC084F72A99717D002B871D;
			productRefGroup = BDC085012A99717D002B871D /* Products */;
			projectDirPath = "";
			projectRoot = "";
			targets = (
				BDC084FF2A99717D002B871D /* Compiler */,
			);
		};
/* End PBXProject section */

/* Begin PBXSourcesBuildPhase section */
		BDC084FC2A99717D002B871D /* Sources */ = {
			isa = PBXSourcesBuildPhase;
			buildActionMask = 2147483647;
			files = (
				BDC0851E2A9971EF002B871D /* AST.cpp in Sources */,
				BDC0851B2A9971EF002B871D /* SymbolTable.cpp in Sources */,
				BDC0851F2A9971EF002B871D /* EntryList.cpp in Sources */,
				BD65B78A2AA90ED50011A5EB /* CodeGenerator.cpp in Sources */,
				BD8983F22A9F9B9A0071EE72 /* SemanticChecker.cpp in Sources */,
				BDC085222A9971EF002B871D /* FileDescriptor.cpp in Sources */,
				BDC0851D2A9971EF002B871D /* SymbolTableEntry.cpp in Sources */,
				BDC0851C2A9971EF002B871D /* Parser.cpp in Sources */,
				BDC085042A99717D002B871D /* main.cpp in Sources */,
				BDC085212A9971EF002B871D /* Scanner.cpp in Sources */,
				BDC085202A9971EF002B871D /* SymbolTableList.cpp in Sources */,
			);
			runOnlyForDeploymentPostprocessing = 0;
		};
/* End PBXSourcesBuildPhase section */

/* Begin XCBuildConfiguration section */
		BDC085052A99717D002B871D /* Debug */ = {
			isa = XCBuildConfiguration;
			buildSettings = {
				ALWAYS_SEARCH_USER_PATHS = NO;
				CLANG_ANALYZER_NONNULL = YES;
				CLANG_ANALYZER_NUMBER_OBJECT_CONVERSION = YES_AGGRESSIVE;
				CLANG_CXX_LANGUAGE_STANDARD = "gnu++20";
				CLANG_ENABLE_MODULES = YES;
				CLANG_ENABLE_OBJC_ARC = YES;
				CLANG_ENABLE_OBJC_WEAK = YES;
				CLANG_WARN_BLOCK_CAPTURE_AUTORELEASING = YES;
				CLANG_WARN_BOOL_CONVERSION = YES;
				CLANG_WARN_COMMA = YES;
				CLANG_WARN_CONSTANT_CONVERSION = YES;
				CLANG_WARN_DEPRECATED_OBJC_IMPLEMENTATIONS = YES;
				CLANG_WARN_DIRECT_OBJC_ISA_USAGE = YES_ERROR;
				CLANG_WARN_DOCUMENTATION_COMMENTS = YES;
				CLANG_WARN_EMPTY_BODY = YES;
				CLANG_WARN_ENUM_CONVERSION = YES;
				CLANG_WARN_INFINITE_RECURSION = YES;
				CLANG_WARN_INT_CONVERSION = YES;
				CLANG_WARN_NON_LITERAL_NULL_CONVERSION = YES;
				CLANG_WARN_OBJC_IMPLICIT_RETAIN_SELF = YES;
				CLANG_WARN_OBJC_LITERAL_CONVERSION = YES;
				CLANG_WARN_OBJC_ROOT_CLASS = YES_ERROR;
				CLANG_WARN_QUOTED_INCLUDE_IN_FRAMEWORK_HEADER = YES;
				CLANG_WARN_RANGE_LOOP_ANALYSIS = YES;
				CLANG_WARN_STRICT_PROTOTYPES = YES;
				CLANG_WARN_SUSPICIOUS_MOVE = YES;
				CLANG_WARN_UNGUARDED_AVAILABILITY = YES_AGGRESSIVE;
				CLANG_WARN_UNREACHABLE_CODE = YES;
				CLANG_WARN__DUPLICATE_METHOD_MATCH = YES;
				COPY_PHASE_STRIP = NO;
				DEBUG_INFORMATION_FORMAT = dwarf;
				ENABLE_STRICT_OBJC_MSGSEND = YES;
				ENABLE_TESTABILITY = YES;
				GCC_C_LANGUAGE_STANDARD = gnu11;
				GCC_DYNAMIC_NO_PIC = NO;
				GCC_NO_COMMON_BLOCKS = YES;
				GCC_OPTIMIZATION_LEVEL = 0;
				GCC_PREPROCESSOR_DEFINITIONS = (
					"DEBUG=1",
					"$(inherited)",
				);
				GCC_WARN_64_TO_32_BIT_CONVERSION = YES;
				GCC_WARN_ABOUT_RETURN_TYPE = YES_ERROR;
				GCC_WARN_UNDECLARED_SELECTOR = YES;
				GCC_WARN_UNINITIALIZED_AUTOS = YES_AGGRESSIVE;
				GCC_WARN_UNUSED_FUNCTION = YES;
				GCC_WARN_UNUSED_VARIABLE = YES;
				MACOSX_DEPLOYMENT_TARGET = 12.6;
				MTL_ENABLE_DEBUG_INFO = INCLUDE_SOURCE;
				MTL_FAST_MATH = YES;
				ONLY_ACTIVE_ARCH = YES;
				SDKROOT = macosx;
			};
			name = Debug;
		};
		BDC085062A99717D002B871D /* Release */ = {
			isa = XCBuildConfiguration;
			buildSettings = {
				ALWAYS_SEARCH_USER_PATHS = NO;
				CLANG_ANALYZER_NONNULL = YES;
				CLANG_ANALYZER_NUMBER_OBJECT_CONVERSION = YES_AGGRESSIVE;
				CLANG_CXX_LANGUAGE_STANDARD = "gnu++20";
				CLANG_ENABLE_MODULES = YES;
				CLANG_ENABLE_OBJC_ARC = YES;
				CLANG_ENABLE_OBJC_WEAK = YES;
				CLANG_WARN_BLOCK_CAPTURE_AUTORELEASING = YES;
				CLANG_WARN_BOOL_CONVERSION = YES;
				CLANG_WARN_COMMA = YES;
				CLANG_WARN_CONSTANT_CONVERSION = YES;
				CLANG_WARN_DEPRECATED_OBJC_IMPLEMENTATIONS = YES;
				CLANG_WARN_DIRECT_OBJC_ISA_USAGE = YES_ERROR;
				CLANG_WARN_DOCUMENTATION_COMMENTS = YES;
				CLANG_WARN_EMPTY_BODY = YES;
				CLANG_WARN_ENUM_CONVERSION = YES;
				CLANG_WARN_INFINITE_RECURSION = YES;
				CLANG_WARN_INT_CONVERSION = YES;
				CLANG_WARN_NON_LITERAL_NULL_CONVERSION = YES;
				CLANG_WARN_OBJC_IMPLICIT_RETAIN_SELF = YES;
				CLANG_WARN_OBJC_LITERAL_CONVERSION = YES;
				CLANG_WARN_OBJC_ROOT_CLASS = YES_ERROR;
				CLANG_WARN_QUOTED_INCLUDE_IN_FRAMEWORK_HEADER = YES;
				CLANG_WARN_RANGE_LOOP_ANALYSIS = YES;
				CLANG_WARN_STRICT_PROTOTYPES = YES;
				CLANG_WARN_SUSPICIOUS_MOVE = YES;
				CLANG_WARN_UNGUARDED_AVAILABILITY = YES_AGGRESSIVE;
				CLANG_WARN_UNREACHABLE_CODE = YES;
				CLANG_WARN__DUPLICATE_METHOD_MATCH = YES;
				COPY_PHASE_STRIP = NO;
				DEBUG_INFORMATION_FORMAT = "dwarf-with-dsym";
				ENABLE_NS_ASSERTIONS = NO;
				ENABLE_STRICT_OBJC_MSGSEND = YES;
				GCC_C_LANGUAGE_STANDARD = gnu11;
				GCC_NO_COMMON_BLOCKS = YES;
				GCC_WARN_64_TO_32_BIT_CONVERSION = YES;
				GCC_WARN_ABOUT_RETURN_TYPE = YES_ERROR;
				GCC_WARN_UNDECLARED_SELECTOR = YES;
				GCC_WARN_UNINITIALIZED_AUTOS = YES_AGGRESSIVE;
				GCC_WARN_UNUSED_FUNCTION = YES;
				GCC_WARN_UNUSED_VARIABLE = YES;
				MACOSX_DEPLOYMENT_TARGET = 12.6;
				MTL_ENABLE_DEBUG_INFO = NO;
				MTL_FAST_MATH = YES;
				SDKROOT = macosx;
			};
			name = Release;
		};
		BDC085082A99717D002B871D /* Debug */ = {
			isa = XCBuildConfiguration;
			buildSettings = {
				CODE_SIGN_STYLE = Automatic;
				PRODUCT_NAME = "$(TARGET_NAME)";
			};
			name = Debug;
		};
		BDC085092A99717D002B871D /* Release */ = {
			isa = XCBuildConfiguration;
			buildSettings = {
				CODE_SIGN_STYLE = Automatic;
				PRODUCT_NAME = "$(TARGET_NAME)";
			};
			name = Release;
		};
/* End XCBuildConfiguration section */

/* Begin XCConfigurationList section */
		BDC084FB2A99717D002B871D /* Build configuration list for PBXProject "Compiler" */ = {
			isa = XCConfigurationList;
			buildConfigurations = (
				BDC085052A99717D002B871D /* Debug */,
				BDC085062A99717D002B871D /* Release */,
			);
			defaultConfigurationIsVisible = 0;
			defaultConfigurationName = Release;
		};
		BDC085072A99717D002B871D /* Build configuration list for PBXNativeTarget "Compiler" */ = {
			isa = XCConfigurationList;
			buildConfigurations = (
				BDC085082A99717D002B871D /* Debug */,
				BDC085092A99717D002B871D /* Release */,
			);
			defaultConfigurationIsVisible = 0;
			defaultConfigurationName = Release;
		};
/* End XCConfigurationList section */
	};
	rootObject = BDC084F82A99717D002B871D /* Project object */;
}
